{
  "version": 4,
  "terraform_version": "1.4.2",
  "serial": 50,
  "lineage": "b3877151-5a59-2aa0-b66f-fcd17cdfb472",
  "outputs": {
    "alb_dns_name": {
      "value": "devops-test-alb-eiji-kumamoto-973243752.us-east-1.elb.amazonaws.com",
      "type": "string"
    },
    "amazonlinux_ami_id": {
      "value": "ami-05843aecbae852881",
      "type": "string"
    }
  },
  "resources": [
    {
      "mode": "data",
      "type": "aws_ami",
      "name": "amazonlinux-ami",
      "provider": "provider[\"registry.terraform.io/hashicorp/aws\"]",
      "instances": [
        {
          "schema_version": 0,
          "attributes": {
            "architecture": "x86_64",
            "arn": "arn:aws:ec2:us-east-1::image/ami-05843aecbae852881",
            "block_device_mappings": [
              {
                "device_name": "/dev/sda1",
                "ebs": {
                  "delete_on_termination": "true",
                  "encrypted": "false",
                  "iops": "0",
                  "snapshot_id": "snap-0c2e77a304fd2c785",
                  "throughput": "0",
                  "volume_size": "10",
                  "volume_type": "gp2"
                },
                "no_device": "",
                "virtual_name": ""
              },
              {
                "device_name": "/dev/sdb",
                "ebs": {},
                "no_device": "",
                "virtual_name": "ephemeral0"
              },
              {
                "device_name": "/dev/sdc",
                "ebs": {},
                "no_device": "",
                "virtual_name": "ephemeral1"
              }
            ],
            "creation_date": "2023-03-30T11:28:24.000Z",
            "description": "Cloud9 Cloud9Ubuntu AMI",
            "ena_support": true,
            "executable_users": null,
            "filter": [
              {
                "name": "architecture",
                "values": [
                  "x86_64"
                ]
              }
            ],
            "hypervisor": "xen",
            "id": "ami-05843aecbae852881",
            "image_id": "ami-05843aecbae852881",
            "image_location": "amazon/Cloud9Ubuntu-2023-03-30T10-58",
            "image_owner_alias": "amazon",
            "image_type": "machine",
            "kernel_id": null,
            "most_recent": true,
            "name": "Cloud9Ubuntu-2023-03-30T10-58",
            "name_regex": null,
            "owner_id": "327094444948",
            "owners": [
              "amazon"
            ],
            "platform": null,
            "platform_details": "Linux/UNIX",
            "product_codes": [],
            "public": true,
            "ramdisk_id": null,
            "root_device_name": "/dev/sda1",
            "root_device_type": "ebs",
            "root_snapshot_id": "snap-0c2e77a304fd2c785",
            "sriov_net_support": "simple",
            "state": "available",
            "state_reason": {
              "code": "UNSET",
              "message": "UNSET"
            },
            "tags": {},
            "usage_operation": "RunInstances",
            "virtualization_type": "hvm"
          },
          "sensitive_attributes": []
        }
      ]
    },
    {
      "mode": "managed",
      "type": "aws_acm_certificate",
      "name": "devops-test-self-sign-acm",
      "provider": "provider[\"registry.terraform.io/hashicorp/aws\"]",
      "instances": [
        {
          "schema_version": 0,
          "attributes": {
            "arn": "arn:aws:acm:us-east-1:248772781588:certificate/603d511e-19f5-48d9-86bd-efab2562b589",
            "certificate_authority_arn": "",
            "certificate_body": "-----BEGIN CERTIFICATE-----\nMIIDJTCCAg2gAwIBAgIQUYQesr38n2pIXJ6yK6Qa8DANBgkqhkiG9w0BAQsFADAz\nMRswGQYDVQQKExJBQ01FIEV4YW1wbGVzLCBJbmMxFDASBgNVBAMTC2V4YW1wbGUu\nY29tMB4XDTIzMDMzMDEyNTg0NloXDTIzMDMzMTAwNTg0NlowMzEbMBkGA1UEChMS\nQUNNRSBFeGFtcGxlcywgSW5jMRQwEgYDVQQDEwtleGFtcGxlLmNvbTCCASIwDQYJ\nKoZIhvcNAQEBBQADggEPADCCAQoCggEBAJpUrfKEFu5tngDDJvNS0E7nen/36AIt\neFukQ9ek+820Wjv2uj2/ZAEq6FkbaHfG/xWTXGY1KcXIBSy0k8TW5+7pq1zsBx5c\njyZKDCxKBjV/JGgUh9uRPyUnaGXmErMKq4XM8ZBtc/e1nRkppKulFfW0o8COX3vL\nPNo0zYQjg8C/91O/bIlCWV8INm/94/wRPEeonkj4RjaRl0qxbrAKSYZ5cSARQw4+\nuufGMccK5m+mjseQZ1IYaBslSMpfVZOstRbI03IHADur62+7P2EuOjUObpIpZTBK\n92npCjk1CJOywi0AU17Bbghtkmo7yw/o7qk0yAYd66wwTCDtpQpMo8UCAwEAAaM1\nMDMwDgYDVR0PAQH/BAQDAgWgMBMGA1UdJQQMMAoGCCsGAQUFBwMBMAwGA1UdEwEB\n/wQCMAAwDQYJKoZIhvcNAQELBQADggEBAFvcEi0tLbexPL42C/Fk8cHvYL3P9dpR\n1R/PZ+x2Sou6ZMjTOVP1+AvxCXOoZBfCDHkjQc8qiHf4IKoLkE3LZYI1p8k1eCna\nnNEP0nkM345pQ0q7CWivQiYwGG3lnqS5Sl5+Vh1fW66B7eiR0rfSGkYiRkDxZuH/\ni30A9G1VdqScDPNTi7elYolEKqrwwaOd2urjH9NIz7oeW9+/03iGlNVR/OmcwDa7\nO6C4mTC2sNfWnjC+juweuPoKF4Dcx8rQYnzlufZqOWrUYVV3K6b/IOqyvn/NdgqR\no12UGS4DPopEQXuabHJBDd2pVlay327Fkj7CSO+NqlQbKzkRP++qqBo=\n-----END CERTIFICATE-----\n",
            "certificate_chain": null,
            "domain_name": "example.com",
            "domain_validation_options": [],
            "id": "arn:aws:acm:us-east-1:248772781588:certificate/603d511e-19f5-48d9-86bd-efab2562b589",
            "options": [
              {
                "certificate_transparency_logging_preference": "DISABLED"
              }
            ],
            "private_key": "-----BEGIN RSA PRIVATE KEY-----\nMIIEowIBAAKCAQEAmlSt8oQW7m2eAMMm81LQTud6f/foAi14W6RD16T7zbRaO/a6\nPb9kASroWRtod8b/FZNcZjUpxcgFLLSTxNbn7umrXOwHHlyPJkoMLEoGNX8kaBSH\n25E/JSdoZeYSswqrhczxkG1z97WdGSmkq6UV9bSjwI5fe8s82jTNhCODwL/3U79s\niUJZXwg2b/3j/BE8R6ieSPhGNpGXSrFusApJhnlxIBFDDj6658Yxxwrmb6aOx5Bn\nUhhoGyVIyl9Vk6y1FsjTcgcAO6vrb7s/YS46NQ5ukillMEr3aekKOTUIk7LCLQBT\nXsFuCG2SajvLD+juqTTIBh3rrDBMIO2lCkyjxQIDAQABAoIBAF68eIMUfpciBwnk\nwfY/8ctd4R7I6Uzc6LMopNStXD0r5vBERpM894CX/EUmw/wy1cdCzEeZfukAHd0R\nhFwiqAFKw3ypDr2eh+kzL0HItwMD5y9U2wj3olGGXVmf3/60IBJkeiz0Y2m9vJAD\ntif/kPlhR9weCZMOcW5pV3cz7d7VhEUdzVgqVicdR1TlxFsOB7RXiPchqPdnSlGO\nHw0JdeA8ktB9InxG9/BpN8YzCE1MeuwoDvKW/tcbWpAtZ//+5w5jquUqd6VL3hRj\nSkAwQ6tR9edHDGlQ+FKap5uzmz7mqAnJ0nGxtialiYDJwcF2ftDL4XVSc5v5et+/\n01pyAMkCgYEAwzCBc3kow65dmuNm/HzXTrSTzWGjn9CWYHBG9as4SnXo3PFYS1hQ\nX9eQWHD/NqUfu0VrikQ+piICVz7CROeA2seM84HLupMyZxVdfJoXFrMUOKnUXejj\nu/KwEY37yCGZjLfsBWbRuE4U3z8vDZ14TM51eurQj8MEM+JxZiAaND8CgYEAyml0\nmzCoPNW+R8r4J5jEPQAQ4AgV5Lb/pRzsaOL2tRktjrdIGZfcb1qUGkWl+8SkU1hh\njPkK6Y2OMc5aaeQwY7m6MWkDW6bMPsyecnzM97roJLftDWKuRpQ1QPe3gi0u8LRI\nFqkrSPzYmn0hNsodCmwsFqQT8UHiTJgqsrBiFvsCgYEAvisFBGcX40Z/pkdF8FsF\nPoZKtkAZtbv4tq7NQ870gf9Mx+5P0uCRNj+EP9afoDLSrpcdBlIlI6Fg3HWlupI+\nhWkEF77uqbF92tcDBUHvmssQuYAlCvW640O4bPIDS+IIgwQybLTXQRS52yPpCP/R\n1CsWZJJgbqBW+OH3D8PZI+sCgYADrOKHJt0HLcJkv1S+M1Hs4aFsz/jFzGTb9Kh+\nRxC/vRNMshtHC7De/MAPshAPgESTltk+nA8MqptYYCzYG2KdjPPKjeOXuHGg+kou\nPgHixawNbqGJSq9rbKmC4nycioF9sWhVsQCuNJkiRP9jZUwdslUinBwYl1+qkGDG\nGdnOHQKBgHYURYbgkV8gleG3D8TSNOBUBHZQLljOC3sp9PSI8/eYSI5pFIcX4dG9\ny8qRISVcN3J2veNweWSo4trcOhoxAXM1g8A5ws36SqK4ipguB9cTg64AYYvkSxXX\nBRaVmitKVpR/Jj6Z5vjRK/Jn/CLYHWHswz3lPDuh9PbDUG/ge0MC\n-----END RSA PRIVATE KEY-----\n",
            "status": "ISSUED",
            "subject_alternative_names": [],
            "tags": {},
            "tags_all": {
              "owner": "eiji-kumamoto",
              "purpose": "tf-hiring-test"
            },
            "validation_emails": [],
            "validation_method": "NONE"
          },
          "sensitive_attributes": [
            [
              {
                "type": "get_attr",
                "value": "private_key"
              }
            ]
          ],
          "private": "bnVsbA==",
          "dependencies": [
            "tls_private_key.devops-test-tls-private-key",
            "tls_self_signed_cert.devops-test-self-sign-cert"
          ]
        }
      ]
    },
    {
      "mode": "managed",
      "type": "aws_autoscaling_attachment",
      "name": "devops-test-asg-alb-attachment",
      "provider": "provider[\"registry.terraform.io/hashicorp/aws\"]",
      "instances": [
        {
          "schema_version": 0,
          "attributes": {
            "alb_target_group_arn": "arn:aws:elasticloadbalancing:us-east-1:248772781588:targetgroup/devops-test-alb-tg-eiji-kumamoto/c1ecc786f97023e7",
            "autoscaling_group_name": "asg-terraform-apache-eiji-kumamoto",
            "elb": null,
            "id": "asg-terraform-apache-eiji-kumamoto-20230330131145188400000001"
          },
          "sensitive_attributes": [],
          "private": "bnVsbA==",
          "dependencies": [
            "aws_autoscaling_group.devops-test-asg",
            "aws_iam_instance_profile.devops-test-asg-instance-profile",
            "aws_iam_role.devops-test-ssm-ec2-role",
            "aws_launch_template.devops-test-asg-template",
            "aws_lb_target_group.devops-test-alb-tg",
            "aws_security_group.devops-test-sg-vms",
            "aws_subnet.devops-test-private-subnet-1a",
            "aws_subnet.devops-test-private-subnet-1b",
            "aws_vpc.devops-test-vpc",
            "data.aws_ami.amazonlinux-ami"
          ]
        }
      ]
    },
    {
      "mode": "managed",
      "type": "aws_autoscaling_group",
      "name": "devops-test-asg",
      "provider": "provider[\"registry.terraform.io/hashicorp/aws\"]",
      "instances": [
        {
          "schema_version": 0,
          "attributes": {
            "arn": "arn:aws:autoscaling:us-east-1:248772781588:autoScalingGroup:1c1e7f3f-fdfc-40aa-a542-8ec13c3771cc:autoScalingGroupName/asg-terraform-apache-eiji-kumamoto",
            "availability_zones": [
              "us-east-1a",
              "us-east-1b"
            ],
            "capacity_rebalance": false,
            "default_cooldown": 300,
            "desired_capacity": 1,
            "enabled_metrics": [],
            "force_delete": true,
            "force_delete_warm_pool": false,
            "health_check_grace_period": 300,
            "health_check_type": "ELB",
            "id": "asg-terraform-apache-eiji-kumamoto",
            "initial_lifecycle_hook": [],
            "instance_refresh": [],
            "launch_configuration": "",
            "launch_template": [
              {
                "id": "lt-01f6d79f1999c8543",
                "name": "devops-test-template-eiji-kumamoto20230330125910885500000003",
                "version": "$Latest"
              }
            ],
            "load_balancers": [],
            "max_instance_lifetime": 0,
            "max_size": 3,
            "metrics_granularity": "1Minute",
            "min_elb_capacity": null,
            "min_size": 1,
            "mixed_instances_policy": [],
            "name": "asg-terraform-apache-eiji-kumamoto",
            "name_prefix": "",
            "placement_group": "",
            "protect_from_scale_in": false,
            "service_linked_role_arn": "arn:aws:iam::248772781588:role/aws-service-role/autoscaling.amazonaws.com/AWSServiceRoleForAutoScaling",
            "suspended_processes": [],
            "tag": [],
            "tags": null,
            "target_group_arns": [
              "arn:aws:elasticloadbalancing:us-east-1:248772781588:targetgroup/devops-test-alb-tg-eiji-kumamoto/c1ecc786f97023e7"
            ],
            "termination_policies": [],
            "timeouts": null,
            "vpc_zone_identifier": [
              "subnet-060d226d54187de48",
              "subnet-0b46168f7d295a9a8"
            ],
            "wait_for_capacity_timeout": "10m",
            "wait_for_elb_capacity": null,
            "warm_pool": []
          },
          "sensitive_attributes": [],
          "private": "eyJlMmJmYjczMC1lY2FhLTExZTYtOGY4OC0zNDM2M2JjN2M0YzAiOnsiZGVsZXRlIjo2MDAwMDAwMDAwMDB9fQ==",
          "dependencies": [
            "aws_iam_instance_profile.devops-test-asg-instance-profile",
            "aws_iam_role.devops-test-ssm-ec2-role",
            "aws_launch_template.devops-test-asg-template",
            "aws_security_group.devops-test-sg-vms",
            "aws_subnet.devops-test-private-subnet-1a",
            "aws_subnet.devops-test-private-subnet-1b",
            "aws_vpc.devops-test-vpc",
            "data.aws_ami.amazonlinux-ami"
          ]
        }
      ]
    },
    {
      "mode": "managed",
      "type": "aws_eip",
      "name": "devops-test-eip-natgw-1a",
      "provider": "provider[\"registry.terraform.io/hashicorp/aws\"]",
      "instances": [
        {
          "schema_version": 0,
          "attributes": {
            "address": null,
            "allocation_id": "eipalloc-0de912ae5c8aae108",
            "associate_with_private_ip": null,
            "association_id": "eipassoc-097f4b45e96a702e9",
            "carrier_ip": "",
            "customer_owned_ip": "",
            "customer_owned_ipv4_pool": "",
            "domain": "vpc",
            "id": "eipalloc-0de912ae5c8aae108",
            "instance": "",
            "network_border_group": "us-east-1",
            "network_interface": "eni-07b5c9ca50288f0c7",
            "private_dns": "ip-10-0-10-170.ec2.internal",
            "private_ip": "10.0.10.170",
            "public_dns": "ec2-44-207-42-144.compute-1.amazonaws.com",
            "public_ip": "44.207.42.144",
            "public_ipv4_pool": "amazon",
            "tags": {
              "Name": "devops-test-eip-natgw-1a-eiji-kumamoto"
            },
            "tags_all": {
              "Name": "devops-test-eip-natgw-1a-eiji-kumamoto",
              "owner": "eiji-kumamoto",
              "purpose": "tf-hiring-test"
            },
            "timeouts": null,
            "vpc": true
          },
          "sensitive_attributes": [],
          "private": "eyJlMmJmYjczMC1lY2FhLTExZTYtOGY4OC0zNDM2M2JjN2M0YzAiOnsiZGVsZXRlIjoxODAwMDAwMDAwMDAsInJlYWQiOjkwMDAwMDAwMDAwMCwidXBkYXRlIjozMDAwMDAwMDAwMDB9fQ=="
        }
      ]
    },
    {
      "mode": "managed",
      "type": "aws_eip",
      "name": "devops-test-eip-natgw-1b",
      "provider": "provider[\"registry.terraform.io/hashicorp/aws\"]",
      "instances": [
        {
          "schema_version": 0,
          "attributes": {
            "address": null,
            "allocation_id": "eipalloc-015f4b0369565beb9",
            "associate_with_private_ip": null,
            "association_id": "eipassoc-07930296c3024a33f",
            "carrier_ip": "",
            "customer_owned_ip": "",
            "customer_owned_ipv4_pool": "",
            "domain": "vpc",
            "id": "eipalloc-015f4b0369565beb9",
            "instance": "",
            "network_border_group": "us-east-1",
            "network_interface": "eni-000f98ebe36230b08",
            "private_dns": "ip-10-0-10-214.ec2.internal",
            "private_ip": "10.0.10.214",
            "public_dns": "ec2-54-92-234-192.compute-1.amazonaws.com",
            "public_ip": "54.92.234.192",
            "public_ipv4_pool": "amazon",
            "tags": {
              "Name": "devops-test-eip-natgw-1b-eiji-kumamoto"
            },
            "tags_all": {
              "Name": "devops-test-eip-natgw-1b-eiji-kumamoto",
              "owner": "eiji-kumamoto",
              "purpose": "tf-hiring-test"
            },
            "timeouts": null,
            "vpc": true
          },
          "sensitive_attributes": [],
          "private": "eyJlMmJmYjczMC1lY2FhLTExZTYtOGY4OC0zNDM2M2JjN2M0YzAiOnsiZGVsZXRlIjoxODAwMDAwMDAwMDAsInJlYWQiOjkwMDAwMDAwMDAwMCwidXBkYXRlIjozMDAwMDAwMDAwMDB9fQ=="
        }
      ]
    },
    {
      "mode": "managed",
      "type": "aws_iam_instance_profile",
      "name": "devops-test-asg-instance-profile",
      "provider": "provider[\"registry.terraform.io/hashicorp/aws\"]",
      "instances": [
        {
          "schema_version": 0,
          "attributes": {
            "arn": "arn:aws:iam::248772781588:instance-profile/devops-test-instance-profile-eiji-kumamoto",
            "create_date": "2023-03-30T12:58:50Z",
            "id": "devops-test-instance-profile-eiji-kumamoto",
            "name": "devops-test-instance-profile-eiji-kumamoto",
            "name_prefix": null,
            "path": "/",
            "role": "devops-test-ssm-ec2-role-eiji-kumamoto",
            "tags": {},
            "tags_all": {
              "owner": "eiji-kumamoto",
              "purpose": "tf-hiring-test"
            },
            "unique_id": "AIPATT3ADMYKKOGETO5P6"
          },
          "sensitive_attributes": [],
          "private": "bnVsbA==",
          "dependencies": [
            "aws_iam_role.devops-test-ssm-ec2-role"
          ]
        }
      ]
    },
    {
      "mode": "managed",
      "type": "aws_iam_role",
      "name": "devops-test-ssm-ec2-role",
      "provider": "provider[\"registry.terraform.io/hashicorp/aws\"]",
      "instances": [
        {
          "schema_version": 0,
          "attributes": {
            "arn": "arn:aws:iam::248772781588:role/devops-test-ssm-ec2-role-eiji-kumamoto",
            "assume_role_policy": "{\"Version\":\"2012-10-17\",\"Statement\":[{\"Effect\":\"Allow\",\"Principal\":{\"Service\":\"ec2.amazonaws.com\"},\"Action\":\"sts:AssumeRole\"}]}",
            "create_date": "2023-03-30T12:58:48Z",
            "description": "",
            "force_detach_policies": false,
            "id": "devops-test-ssm-ec2-role-eiji-kumamoto",
            "inline_policy": [
              {
                "name": "",
                "policy": ""
              }
            ],
            "managed_policy_arns": [
              "arn:aws:iam::aws:policy/AmazonSSMManagedInstanceCore",
              "arn:aws:iam::aws:policy/service-role/AmazonEC2RoleforSSM"
            ],
            "max_session_duration": 3600,
            "name": "devops-test-ssm-ec2-role-eiji-kumamoto",
            "name_prefix": "",
            "path": "/",
            "permissions_boundary": null,
            "tags": {},
            "tags_all": {
              "owner": "eiji-kumamoto",
              "purpose": "tf-hiring-test"
            },
            "unique_id": "AROATT3ADMYKMPGXN4MDN"
          },
          "sensitive_attributes": [],
          "private": "bnVsbA=="
        }
      ]
    },
    {
      "mode": "managed",
      "type": "aws_iam_role_policy_attachment",
      "name": "devops-test-ssm-ec2-role-attachment1",
      "provider": "provider[\"registry.terraform.io/hashicorp/aws\"]",
      "instances": [
        {
          "schema_version": 0,
          "attributes": {
            "id": "devops-test-ssm-ec2-role-eiji-kumamoto-20230330125850657500000002",
            "policy_arn": "arn:aws:iam::aws:policy/AmazonSSMManagedInstanceCore",
            "role": "devops-test-ssm-ec2-role-eiji-kumamoto"
          },
          "sensitive_attributes": [],
          "private": "bnVsbA==",
          "dependencies": [
            "aws_iam_role.devops-test-ssm-ec2-role"
          ]
        }
      ]
    },
    {
      "mode": "managed",
      "type": "aws_iam_role_policy_attachment",
      "name": "devops-test-ssm-ec2-role-attachment2",
      "provider": "provider[\"registry.terraform.io/hashicorp/aws\"]",
      "instances": [
        {
          "schema_version": 0,
          "attributes": {
            "id": "devops-test-ssm-ec2-role-eiji-kumamoto-20230330125850644500000001",
            "policy_arn": "arn:aws:iam::aws:policy/service-role/AmazonEC2RoleforSSM",
            "role": "devops-test-ssm-ec2-role-eiji-kumamoto"
          },
          "sensitive_attributes": [],
          "private": "bnVsbA==",
          "dependencies": [
            "aws_iam_role.devops-test-ssm-ec2-role"
          ]
        }
      ]
    },
    {
      "mode": "managed",
      "type": "aws_internet_gateway",
      "name": "devops-test-igw",
      "provider": "provider[\"registry.terraform.io/hashicorp/aws\"]",
      "instances": [
        {
          "schema_version": 0,
          "attributes": {
            "arn": "arn:aws:ec2:us-east-1:248772781588:internet-gateway/igw-0e9a6fd69987080f9",
            "id": "igw-0e9a6fd69987080f9",
            "owner_id": "248772781588",
            "tags": {
              "Name": "devops-test-igw-eiji-kumamoto"
            },
            "tags_all": {
              "Name": "devops-test-igw-eiji-kumamoto",
              "owner": "eiji-kumamoto",
              "purpose": "tf-hiring-test"
            },
            "vpc_id": "vpc-0c559ed8ff144f290"
          },
          "sensitive_attributes": [],
          "private": "bnVsbA==",
          "dependencies": [
            "aws_vpc.devops-test-vpc"
          ]
        }
      ]
    },
    {
      "mode": "managed",
      "type": "aws_launch_template",
      "name": "devops-test-asg-template",
      "provider": "provider[\"registry.terraform.io/hashicorp/aws\"]",
      "instances": [
        {
          "schema_version": 0,
          "attributes": {
            "arn": "arn:aws:ec2:us-east-1:248772781588:launch-template/lt-01f6d79f1999c8543",
            "block_device_mappings": [],
            "capacity_reservation_specification": [],
            "cpu_options": [],
            "credit_specification": [],
            "default_version": 1,
            "description": "",
            "disable_api_termination": false,
            "ebs_optimized": "",
            "elastic_gpu_specifications": [],
            "elastic_inference_accelerator": [],
            "enclave_options": [],
            "hibernation_options": [],
            "iam_instance_profile": [
              {
                "arn": "",
                "name": "devops-test-instance-profile-eiji-kumamoto"
              }
            ],
            "id": "lt-01f6d79f1999c8543",
            "image_id": "ami-05843aecbae852881",
            "instance_initiated_shutdown_behavior": "",
            "instance_market_options": [],
            "instance_type": "t3.micro",
            "kernel_id": "",
            "key_name": "",
            "latest_version": 1,
            "license_specification": [],
            "metadata_options": [],
            "monitoring": [],
            "name": "devops-test-template-eiji-kumamoto20230330125910885500000003",
            "name_prefix": "devops-test-template-eiji-kumamoto",
            "network_interfaces": [],
            "placement": [],
            "ram_disk_id": "",
            "security_group_names": [],
            "tag_specifications": [],
            "tags": {
              "Name": "devops-test-asg-template-eiji-kumamoto"
            },
            "tags_all": {
              "Name": "devops-test-asg-template-eiji-kumamoto",
              "owner": "eiji-kumamoto",
              "purpose": "tf-hiring-test"
            },
            "update_default_version": null,
            "user_data": "IyEvYmluL2Jhc2gKCnN1ZG8geXVtIGluc3RhbGwgLXkgaHR0cGQKc3VkbyBzeXN0ZW1jdGwgc3RhcnQgaHR0cGQKc3VkbyBzeXN0ZW1jdGwgZW5hYmxlIGh0dHBkCgoKVE9LRU49JChjdXJsIC1YIFBVVCAiaHR0cDovLzE2OS4yNTQuMTY5LjI1NC9sYXRlc3QvYXBpL3Rva2VuIiAtcSAtSCAiWC1hd3MtZWMyLW1ldGFkYXRhLXRva2VuLXR0bC1zZWNvbmRzOiAyMTYwMCIpCklOU1RBTkNFX0lEPSQoY3VybCAtSCAiWC1hd3MtZWMyLW1ldGFkYXRhLXRva2VuOiAke1RPS0VOfSIgLXEgaHR0cDovLzE2OS4yNTQuMTY5LjI1NC9sYXRlc3QvbWV0YS1kYXRhL2luc3RhbmNlLWlkKQpJTlNUQU5DRV9UWVBFPSQoY3VybCAtSCAiWC1hd3MtZWMyLW1ldGFkYXRhLXRva2VuOiAke1RPS0VOfSIgLXEgaHR0cDovLzE2OS4yNTQuMTY5LjI1NC9sYXRlc3QvbWV0YS1kYXRhL2luc3RhbmNlLXR5cGUpCgpjYXQgPDxFT0YgPiAvdmFyL3d3dy9odG1sL2luZGV4Lmh0bWwKPCFET0NUWVBFIGh0bWw+CjxodG1sPgogIDxoZWFkPgogICAgPG1ldGEgY2hhcnNldD0idXRmLTgiPgogICAgPHRpdGxlPkRldk9wcyBUZXN0PC90aXRsZT4KICA8L2hlYWQ+CiAgPGJvZHk+CiAgICA8cD4KICAgICAgPGI+SW5zdGFuY2UgSUQ6PC9iPiAke0lOU1RBTkNFX0lEfTwvYnI+CiAgICAgIDxiPkluc3RhbmNlIFR5cGU6PC9iPiAke0lOU1RBTkNFX1RZUEV9CiAgICA8L2I+CiAgPC9ib2R5Pgo8L2h0bWw+CkVPRgo=",
            "vpc_security_group_ids": [
              "sg-0dbb4937e69e1c6f4"
            ]
          },
          "sensitive_attributes": [],
          "private": "bnVsbA==",
          "dependencies": [
            "aws_iam_instance_profile.devops-test-asg-instance-profile",
            "aws_iam_role.devops-test-ssm-ec2-role",
            "aws_security_group.devops-test-sg-vms",
            "aws_vpc.devops-test-vpc",
            "data.aws_ami.amazonlinux-ami"
          ]
        }
      ]
    },
    {
      "mode": "managed",
      "type": "aws_lb",
      "name": "devops-test-alb",
      "provider": "provider[\"registry.terraform.io/hashicorp/aws\"]",
      "instances": [
        {
          "schema_version": 0,
          "attributes": {
            "access_logs": [
              {
                "bucket": "",
                "enabled": false,
                "prefix": ""
              }
            ],
            "arn": "arn:aws:elasticloadbalancing:us-east-1:248772781588:loadbalancer/app/devops-test-alb-eiji-kumamoto/3abfd345ef24c7f3",
            "arn_suffix": "app/devops-test-alb-eiji-kumamoto/3abfd345ef24c7f3",
            "customer_owned_ipv4_pool": "",
            "desync_mitigation_mode": "defensive",
            "dns_name": "devops-test-alb-eiji-kumamoto-973243752.us-east-1.elb.amazonaws.com",
            "drop_invalid_header_fields": false,
            "enable_cross_zone_load_balancing": true,
            "enable_deletion_protection": false,
            "enable_http2": true,
            "enable_waf_fail_open": false,
            "id": "arn:aws:elasticloadbalancing:us-east-1:248772781588:loadbalancer/app/devops-test-alb-eiji-kumamoto/3abfd345ef24c7f3",
            "idle_timeout": 60,
            "internal": false,
            "ip_address_type": "ipv4",
            "load_balancer_type": "application",
            "name": "devops-test-alb-eiji-kumamoto",
            "name_prefix": null,
            "security_groups": [
              "sg-0b2d94f74dabaf208"
            ],
            "subnet_mapping": [
              {
                "allocation_id": "",
                "ipv6_address": "",
                "outpost_id": "",
                "private_ipv4_address": "",
                "subnet_id": "subnet-0732a8f0072f90d94"
              },
              {
                "allocation_id": "",
                "ipv6_address": "",
                "outpost_id": "",
                "private_ipv4_address": "",
                "subnet_id": "subnet-0be83052b06c30de5"
              }
            ],
            "subnets": [
              "subnet-0732a8f0072f90d94",
              "subnet-0be83052b06c30de5"
            ],
            "tags": {},
            "tags_all": {
              "owner": "eiji-kumamoto",
              "purpose": "tf-hiring-test"
            },
            "timeouts": null,
            "vpc_id": "vpc-0c559ed8ff144f290",
            "zone_id": "Z35SXDOTRQ7X7K"
          },
          "sensitive_attributes": [],
          "private": "eyJlMmJmYjczMC1lY2FhLTExZTYtOGY4OC0zNDM2M2JjN2M0YzAiOnsiY3JlYXRlIjo2MDAwMDAwMDAwMDAsImRlbGV0ZSI6NjAwMDAwMDAwMDAwLCJ1cGRhdGUiOjYwMDAwMDAwMDAwMH19",
          "dependencies": [
            "aws_security_group.devops-test-sg-alb",
            "aws_subnet.devops-test-public-subnet-1a",
            "aws_subnet.devops-test-public-subnet-1b",
            "aws_vpc.devops-test-vpc"
          ]
        }
      ]
    },
    {
      "mode": "managed",
      "type": "aws_lb_listener",
      "name": "devops-test-alb-listener-http",
      "provider": "provider[\"registry.terraform.io/hashicorp/aws\"]",
      "instances": [
        {
          "schema_version": 0,
          "attributes": {
            "alpn_policy": null,
            "arn": "arn:aws:elasticloadbalancing:us-east-1:248772781588:listener/app/devops-test-alb-eiji-kumamoto/3abfd345ef24c7f3/53758dcec1f47705",
            "certificate_arn": null,
            "default_action": [
              {
                "authenticate_cognito": [],
                "authenticate_oidc": [],
                "fixed_response": [],
                "forward": [],
                "order": 1,
                "redirect": [
                  {
                    "host": "#{host}",
                    "path": "/#{path}",
                    "port": "443",
                    "protocol": "HTTPS",
                    "query": "#{query}",
                    "status_code": "HTTP_301"
                  }
                ],
                "target_group_arn": "",
                "type": "redirect"
              }
            ],
            "id": "arn:aws:elasticloadbalancing:us-east-1:248772781588:listener/app/devops-test-alb-eiji-kumamoto/3abfd345ef24c7f3/53758dcec1f47705",
            "load_balancer_arn": "arn:aws:elasticloadbalancing:us-east-1:248772781588:loadbalancer/app/devops-test-alb-eiji-kumamoto/3abfd345ef24c7f3",
            "port": 80,
            "protocol": "HTTP",
            "ssl_policy": "",
            "tags": {},
            "tags_all": {
              "owner": "eiji-kumamoto",
              "purpose": "tf-hiring-test"
            },
            "timeouts": null
          },
          "sensitive_attributes": [],
          "private": "eyJlMmJmYjczMC1lY2FhLTExZTYtOGY4OC0zNDM2M2JjN2M0YzAiOnsicmVhZCI6NjAwMDAwMDAwMDAwfX0=",
          "dependencies": [
            "aws_lb.devops-test-alb",
            "aws_security_group.devops-test-sg-alb",
            "aws_subnet.devops-test-public-subnet-1a",
            "aws_subnet.devops-test-public-subnet-1b",
            "aws_vpc.devops-test-vpc"
          ]
        }
      ]
    },
    {
      "mode": "managed",
      "type": "aws_lb_listener",
      "name": "devops-test-alb-listener-https",
      "provider": "provider[\"registry.terraform.io/hashicorp/aws\"]",
      "instances": [
        {
          "schema_version": 0,
          "attributes": {
            "alpn_policy": null,
            "arn": "arn:aws:elasticloadbalancing:us-east-1:248772781588:listener/app/devops-test-alb-eiji-kumamoto/3abfd345ef24c7f3/391f61eaae681dbb",
            "certificate_arn": "arn:aws:acm:us-east-1:248772781588:certificate/603d511e-19f5-48d9-86bd-efab2562b589",
            "default_action": [
              {
                "authenticate_cognito": [],
                "authenticate_oidc": [],
                "fixed_response": [],
                "forward": [],
                "order": 1,
                "redirect": [],
                "target_group_arn": "arn:aws:elasticloadbalancing:us-east-1:248772781588:targetgroup/devops-test-alb-tg-eiji-kumamoto/c1ecc786f97023e7",
                "type": "forward"
              }
            ],
            "id": "arn:aws:elasticloadbalancing:us-east-1:248772781588:listener/app/devops-test-alb-eiji-kumamoto/3abfd345ef24c7f3/391f61eaae681dbb",
            "load_balancer_arn": "arn:aws:elasticloadbalancing:us-east-1:248772781588:loadbalancer/app/devops-test-alb-eiji-kumamoto/3abfd345ef24c7f3",
            "port": 443,
            "protocol": "HTTPS",
            "ssl_policy": "ELBSecurityPolicy-2016-08",
            "tags": {},
            "tags_all": {
              "owner": "eiji-kumamoto",
              "purpose": "tf-hiring-test"
            },
            "timeouts": null
          },
          "sensitive_attributes": [],
          "private": "eyJlMmJmYjczMC1lY2FhLTExZTYtOGY4OC0zNDM2M2JjN2M0YzAiOnsicmVhZCI6NjAwMDAwMDAwMDAwfX0=",
          "dependencies": [
            "aws_acm_certificate.devops-test-self-sign-acm",
            "aws_lb.devops-test-alb",
            "aws_lb_target_group.devops-test-alb-tg",
            "aws_security_group.devops-test-sg-alb",
            "aws_subnet.devops-test-public-subnet-1a",
            "aws_subnet.devops-test-public-subnet-1b",
            "aws_vpc.devops-test-vpc",
            "tls_private_key.devops-test-tls-private-key",
            "tls_self_signed_cert.devops-test-self-sign-cert"
          ]
        }
      ]
    },
    {
      "mode": "managed",
      "type": "aws_lb_target_group",
      "name": "devop-test-alb-tg",
      "provider": "provider[\"registry.terraform.io/hashicorp/aws\"]",
      "instances": [
        {
          "schema_version": 0,
          "attributes": {
            "arn": "arn:aws:elasticloadbalancing:us-east-1:248772781588:targetgroup/devop-test-alb-tg-eiji-kumamoto/11d6127711a39761",
            "arn_suffix": "targetgroup/devop-test-alb-tg-eiji-kumamoto/11d6127711a39761",
            "connection_termination": false,
            "deregistration_delay": "300",
            "health_check": [
              {
                "enabled": true,
                "healthy_threshold": 5,
                "interval": 30,
                "matcher": "200",
                "path": "/",
                "port": "traffic-port",
                "protocol": "HTTPS",
                "timeout": 5,
                "unhealthy_threshold": 2
              }
            ],
            "id": "arn:aws:elasticloadbalancing:us-east-1:248772781588:targetgroup/devop-test-alb-tg-eiji-kumamoto/11d6127711a39761",
            "lambda_multi_value_headers_enabled": false,
            "load_balancing_algorithm_type": "round_robin",
            "name": "devop-test-alb-tg-eiji-kumamoto",
            "name_prefix": null,
            "port": 443,
            "preserve_client_ip": null,
            "protocol": "HTTPS",
            "protocol_version": "HTTP1",
            "proxy_protocol_v2": false,
            "slow_start": 0,
            "stickiness": [
              {
                "cookie_duration": 86400,
                "cookie_name": "",
                "enabled": false,
                "type": "lb_cookie"
              }
            ],
            "tags": {},
            "tags_all": {
              "owner": "eiji-kumamoto",
              "purpose": "tf-hiring-test"
            },
            "target_type": "instance",
            "vpc_id": "vpc-0c559ed8ff144f290"
          },
          "sensitive_attributes": [],
          "private": "bnVsbA==",
          "dependencies": [
            "aws_vpc.devops-test-vpc"
          ]
        }
      ]
    },
    {
      "mode": "managed",
      "type": "aws_lb_target_group",
      "name": "devops-test-alb-tg",
      "provider": "provider[\"registry.terraform.io/hashicorp/aws\"]",
      "instances": [
        {
          "schema_version": 0,
          "attributes": {
            "arn": "arn:aws:elasticloadbalancing:us-east-1:248772781588:targetgroup/devops-test-alb-tg-eiji-kumamoto/c1ecc786f97023e7",
            "arn_suffix": "targetgroup/devops-test-alb-tg-eiji-kumamoto/c1ecc786f97023e7",
            "connection_termination": false,
            "deregistration_delay": "300",
            "health_check": [
              {
                "enabled": true,
                "healthy_threshold": 5,
                "interval": 30,
                "matcher": "200",
                "path": "/",
                "port": "traffic-port",
                "protocol": "HTTP",
                "timeout": 5,
                "unhealthy_threshold": 2
              }
            ],
            "id": "arn:aws:elasticloadbalancing:us-east-1:248772781588:targetgroup/devops-test-alb-tg-eiji-kumamoto/c1ecc786f97023e7",
            "lambda_multi_value_headers_enabled": false,
            "load_balancing_algorithm_type": "round_robin",
            "name": "devops-test-alb-tg-eiji-kumamoto",
            "name_prefix": null,
            "port": 80,
            "preserve_client_ip": null,
            "protocol": "HTTP",
            "protocol_version": "HTTP1",
            "proxy_protocol_v2": false,
            "slow_start": 0,
            "stickiness": [
              {
                "cookie_duration": 86400,
                "cookie_name": "",
                "enabled": false,
                "type": "lb_cookie"
              }
            ],
            "tags": {},
            "tags_all": {
              "owner": "eiji-kumamoto",
              "purpose": "tf-hiring-test"
            },
            "target_type": "instance",
            "vpc_id": "vpc-0c559ed8ff144f290"
          },
          "sensitive_attributes": [],
          "private": "bnVsbA==",
          "dependencies": [
            "aws_vpc.devops-test-vpc"
          ]
        }
      ]
    },
    {
      "mode": "managed",
      "type": "aws_nat_gateway",
      "name": "devops-test-natgw-1a",
      "provider": "provider[\"registry.terraform.io/hashicorp/aws\"]",
      "instances": [
        {
          "schema_version": 0,
          "attributes": {
            "allocation_id": "eipalloc-0de912ae5c8aae108",
            "connectivity_type": "public",
            "id": "nat-086256a830cbdce3a",
            "network_interface_id": "eni-07b5c9ca50288f0c7",
            "private_ip": "10.0.10.170",
            "public_ip": "44.207.42.144",
            "subnet_id": "subnet-0732a8f0072f90d94",
            "tags": {
              "Name": "devops-test-natgw-1a-eiji-kumamoto"
            },
            "tags_all": {
              "Name": "devops-test-natgw-1a-eiji-kumamoto",
              "owner": "eiji-kumamoto",
              "purpose": "tf-hiring-test"
            }
          },
          "sensitive_attributes": [],
          "private": "bnVsbA==",
          "dependencies": [
            "aws_eip.devops-test-eip-natgw-1a",
            "aws_internet_gateway.devops-test-igw",
            "aws_subnet.devops-test-public-subnet-1a",
            "aws_vpc.devops-test-vpc"
          ]
        }
      ]
    },
    {
      "mode": "managed",
      "type": "aws_nat_gateway",
      "name": "devops-test-natgw-1b",
      "provider": "provider[\"registry.terraform.io/hashicorp/aws\"]",
      "instances": [
        {
          "schema_version": 0,
          "attributes": {
            "allocation_id": "eipalloc-015f4b0369565beb9",
            "connectivity_type": "public",
            "id": "nat-0d451bd41faa8f926",
            "network_interface_id": "eni-000f98ebe36230b08",
            "private_ip": "10.0.10.214",
            "public_ip": "54.92.234.192",
            "subnet_id": "subnet-0be83052b06c30de5",
            "tags": {
              "Name": "devops-test-natgw-1b-eiji-kumamoto"
            },
            "tags_all": {
              "Name": "devops-test-natgw-1b-eiji-kumamoto",
              "owner": "eiji-kumamoto",
              "purpose": "tf-hiring-test"
            }
          },
          "sensitive_attributes": [],
          "private": "bnVsbA==",
          "dependencies": [
            "aws_eip.devops-test-eip-natgw-1b",
            "aws_internet_gateway.devops-test-igw",
            "aws_subnet.devops-test-public-subnet-1b",
            "aws_vpc.devops-test-vpc"
          ]
        }
      ]
    },
    {
      "mode": "managed",
      "type": "aws_route_table",
      "name": "devops-test-rt-private-1a",
      "provider": "provider[\"registry.terraform.io/hashicorp/aws\"]",
      "instances": [
        {
          "schema_version": 0,
          "attributes": {
            "arn": "arn:aws:ec2:us-east-1:248772781588:route-table/rtb-0082ec2fd3a10fd8a",
            "id": "rtb-0082ec2fd3a10fd8a",
            "owner_id": "248772781588",
            "propagating_vgws": [],
            "route": [
              {
                "carrier_gateway_id": "",
                "cidr_block": "0.0.0.0/0",
                "destination_prefix_list_id": "",
                "egress_only_gateway_id": "",
                "gateway_id": "",
                "instance_id": "",
                "ipv6_cidr_block": "",
                "local_gateway_id": "",
                "nat_gateway_id": "nat-086256a830cbdce3a",
                "network_interface_id": "",
                "transit_gateway_id": "",
                "vpc_endpoint_id": "",
                "vpc_peering_connection_id": ""
              }
            ],
            "tags": {
              "Name": "devops-test-rt-private-1a-eiji-kumamoto"
            },
            "tags_all": {
              "Name": "devops-test-rt-private-1a-eiji-kumamoto",
              "owner": "eiji-kumamoto",
              "purpose": "tf-hiring-test"
            },
            "timeouts": null,
            "vpc_id": "vpc-0c559ed8ff144f290"
          },
          "sensitive_attributes": [],
          "private": "eyJlMmJmYjczMC1lY2FhLTExZTYtOGY4OC0zNDM2M2JjN2M0YzAiOnsiY3JlYXRlIjozMDAwMDAwMDAwMDAsImRlbGV0ZSI6MzAwMDAwMDAwMDAwLCJ1cGRhdGUiOjEyMDAwMDAwMDAwMH19",
          "dependencies": [
            "aws_eip.devops-test-eip-natgw-1a",
            "aws_internet_gateway.devops-test-igw",
            "aws_nat_gateway.devops-test-natgw-1a",
            "aws_subnet.devops-test-public-subnet-1a",
            "aws_vpc.devops-test-vpc"
          ]
        }
      ]
    },
    {
      "mode": "managed",
      "type": "aws_route_table",
      "name": "devops-test-rt-private-1b",
      "provider": "provider[\"registry.terraform.io/hashicorp/aws\"]",
      "instances": [
        {
          "schema_version": 0,
          "attributes": {
            "arn": "arn:aws:ec2:us-east-1:248772781588:route-table/rtb-0af0fefb184462bd9",
            "id": "rtb-0af0fefb184462bd9",
            "owner_id": "248772781588",
            "propagating_vgws": [],
            "route": [
              {
                "carrier_gateway_id": "",
                "cidr_block": "0.0.0.0/0",
                "destination_prefix_list_id": "",
                "egress_only_gateway_id": "",
                "gateway_id": "",
                "instance_id": "",
                "ipv6_cidr_block": "",
                "local_gateway_id": "",
                "nat_gateway_id": "nat-0d451bd41faa8f926",
                "network_interface_id": "",
                "transit_gateway_id": "",
                "vpc_endpoint_id": "",
                "vpc_peering_connection_id": ""
              }
            ],
            "tags": {
              "Name": "devops-test-rt-private-1b-eiji-kumamoto"
            },
            "tags_all": {
              "Name": "devops-test-rt-private-1b-eiji-kumamoto",
              "owner": "eiji-kumamoto",
              "purpose": "tf-hiring-test"
            },
            "timeouts": null,
            "vpc_id": "vpc-0c559ed8ff144f290"
          },
          "sensitive_attributes": [],
          "private": "eyJlMmJmYjczMC1lY2FhLTExZTYtOGY4OC0zNDM2M2JjN2M0YzAiOnsiY3JlYXRlIjozMDAwMDAwMDAwMDAsImRlbGV0ZSI6MzAwMDAwMDAwMDAwLCJ1cGRhdGUiOjEyMDAwMDAwMDAwMH19",
          "dependencies": [
            "aws_eip.devops-test-eip-natgw-1b",
            "aws_internet_gateway.devops-test-igw",
            "aws_nat_gateway.devops-test-natgw-1b",
            "aws_subnet.devops-test-public-subnet-1b",
            "aws_vpc.devops-test-vpc"
          ]
        }
      ]
    },
    {
      "mode": "managed",
      "type": "aws_route_table",
      "name": "devops-test-rt-public",
      "provider": "provider[\"registry.terraform.io/hashicorp/aws\"]",
      "instances": [
        {
          "schema_version": 0,
          "attributes": {
            "arn": "arn:aws:ec2:us-east-1:248772781588:route-table/rtb-008c2b68d74804035",
            "id": "rtb-008c2b68d74804035",
            "owner_id": "248772781588",
            "propagating_vgws": [],
            "route": [
              {
                "carrier_gateway_id": "",
                "cidr_block": "0.0.0.0/0",
                "destination_prefix_list_id": "",
                "egress_only_gateway_id": "",
                "gateway_id": "igw-0e9a6fd69987080f9",
                "instance_id": "",
                "ipv6_cidr_block": "",
                "local_gateway_id": "",
                "nat_gateway_id": "",
                "network_interface_id": "",
                "transit_gateway_id": "",
                "vpc_endpoint_id": "",
                "vpc_peering_connection_id": ""
              }
            ],
            "tags": {
              "Name": "devops-test-rt-public-eiji-kumamoto"
            },
            "tags_all": {
              "Name": "devops-test-rt-public-eiji-kumamoto",
              "owner": "eiji-kumamoto",
              "purpose": "tf-hiring-test"
            },
            "timeouts": null,
            "vpc_id": "vpc-0c559ed8ff144f290"
          },
          "sensitive_attributes": [],
          "private": "eyJlMmJmYjczMC1lY2FhLTExZTYtOGY4OC0zNDM2M2JjN2M0YzAiOnsiY3JlYXRlIjozMDAwMDAwMDAwMDAsImRlbGV0ZSI6MzAwMDAwMDAwMDAwLCJ1cGRhdGUiOjEyMDAwMDAwMDAwMH19",
          "dependencies": [
            "aws_internet_gateway.devops-test-igw",
            "aws_vpc.devops-test-vpc"
          ]
        }
      ]
    },
    {
      "mode": "managed",
      "type": "aws_route_table_association",
      "name": "devops-test-rt-private-subnet-1a",
      "provider": "provider[\"registry.terraform.io/hashicorp/aws\"]",
      "instances": [
        {
          "schema_version": 0,
          "attributes": {
            "gateway_id": "",
            "id": "rtbassoc-07067103d6258a7c7",
            "route_table_id": "rtb-0082ec2fd3a10fd8a",
            "subnet_id": "subnet-0b46168f7d295a9a8"
          },
          "sensitive_attributes": [],
          "private": "bnVsbA==",
          "dependencies": [
            "aws_eip.devops-test-eip-natgw-1a",
            "aws_internet_gateway.devops-test-igw",
            "aws_nat_gateway.devops-test-natgw-1a",
            "aws_route_table.devops-test-rt-private-1a",
            "aws_subnet.devops-test-private-subnet-1a",
            "aws_subnet.devops-test-public-subnet-1a",
            "aws_vpc.devops-test-vpc"
          ]
        }
      ]
    },
    {
      "mode": "managed",
      "type": "aws_route_table_association",
      "name": "devops-test-rt-private-subnet-1b",
      "provider": "provider[\"registry.terraform.io/hashicorp/aws\"]",
      "instances": [
        {
          "schema_version": 0,
          "attributes": {
            "gateway_id": "",
            "id": "rtbassoc-03bc52b0c406e622b",
            "route_table_id": "rtb-0af0fefb184462bd9",
            "subnet_id": "subnet-060d226d54187de48"
          },
          "sensitive_attributes": [],
          "private": "bnVsbA==",
          "dependencies": [
            "aws_eip.devops-test-eip-natgw-1b",
            "aws_internet_gateway.devops-test-igw",
            "aws_nat_gateway.devops-test-natgw-1b",
            "aws_route_table.devops-test-rt-private-1b",
            "aws_subnet.devops-test-private-subnet-1b",
            "aws_subnet.devops-test-public-subnet-1b",
            "aws_vpc.devops-test-vpc"
          ]
        }
      ]
    },
    {
      "mode": "managed",
      "type": "aws_route_table_association",
      "name": "devops-test-rt-public-subnet-1a",
      "provider": "provider[\"registry.terraform.io/hashicorp/aws\"]",
      "instances": [
        {
          "schema_version": 0,
          "attributes": {
            "gateway_id": "",
            "id": "rtbassoc-0e9f3b5bcaa5eef79",
            "route_table_id": "rtb-008c2b68d74804035",
            "subnet_id": "subnet-0732a8f0072f90d94"
          },
          "sensitive_attributes": [],
          "private": "bnVsbA==",
          "dependencies": [
            "aws_internet_gateway.devops-test-igw",
            "aws_route_table.devops-test-rt-public",
            "aws_subnet.devops-test-public-subnet-1a",
            "aws_vpc.devops-test-vpc"
          ]
        }
      ]
    },
    {
      "mode": "managed",
      "type": "aws_route_table_association",
      "name": "devops-test-rt-public-subnet-1b",
      "provider": "provider[\"registry.terraform.io/hashicorp/aws\"]",
      "instances": [
        {
          "schema_version": 0,
          "attributes": {
            "gateway_id": "",
            "id": "rtbassoc-009c1cf1c4b2763c8",
            "route_table_id": "rtb-008c2b68d74804035",
            "subnet_id": "subnet-0be83052b06c30de5"
          },
          "sensitive_attributes": [],
          "private": "bnVsbA==",
          "dependencies": [
            "aws_internet_gateway.devops-test-igw",
            "aws_route_table.devops-test-rt-public",
            "aws_subnet.devops-test-public-subnet-1b",
            "aws_vpc.devops-test-vpc"
          ]
        }
      ]
    },
    {
      "mode": "managed",
      "type": "aws_security_group",
      "name": "devops-test-sg-alb",
      "provider": "provider[\"registry.terraform.io/hashicorp/aws\"]",
      "instances": [
        {
          "schema_version": 1,
          "attributes": {
            "arn": "arn:aws:ec2:us-east-1:248772781588:security-group/sg-0b2d94f74dabaf208",
            "description": "Allow HTTP Traffic to DevOps Test ALB from the Internet",
            "egress": [
              {
                "cidr_blocks": [
                  "0.0.0.0/0"
                ],
                "description": "",
                "from_port": 0,
                "ipv6_cidr_blocks": [],
                "prefix_list_ids": [],
                "protocol": "-1",
                "security_groups": [],
                "self": false,
                "to_port": 0
              }
            ],
            "id": "sg-0b2d94f74dabaf208",
            "ingress": [
              {
                "cidr_blocks": [
                  "0.0.0.0/0"
                ],
                "description": "HTTP from VPC",
                "from_port": 80,
                "ipv6_cidr_blocks": [],
                "prefix_list_ids": [],
                "protocol": "tcp",
                "security_groups": [],
                "self": false,
                "to_port": 80
              },
              {
                "cidr_blocks": [
                  "0.0.0.0/0"
                ],
                "description": "HTTPS from VPC",
                "from_port": 443,
                "ipv6_cidr_blocks": [],
                "prefix_list_ids": [],
                "protocol": "tcp",
                "security_groups": [],
                "self": false,
                "to_port": 443
              }
            ],
            "name": "devops-test-sg-alb-eiji-kumamoto",
            "name_prefix": "",
            "owner_id": "248772781588",
            "revoke_rules_on_delete": false,
            "tags": {
              "Name": "devops-test-sg-alb-eiji-kumamoto"
            },
            "tags_all": {
              "Name": "devops-test-sg-alb-eiji-kumamoto",
              "owner": "eiji-kumamoto",
              "purpose": "tf-hiring-test"
            },
            "timeouts": null,
            "vpc_id": "vpc-0c559ed8ff144f290"
          },
          "sensitive_attributes": [],
          "private": "eyJlMmJmYjczMC1lY2FhLTExZTYtOGY4OC0zNDM2M2JjN2M0YzAiOnsiY3JlYXRlIjo2MDAwMDAwMDAwMDAsImRlbGV0ZSI6OTAwMDAwMDAwMDAwfSwic2NoZW1hX3ZlcnNpb24iOiIxIn0=",
          "dependencies": [
            "aws_vpc.devops-test-vpc"
          ]
        }
      ]
    },
    {
      "mode": "managed",
      "type": "aws_security_group",
      "name": "devops-test-sg-vms",
      "provider": "provider[\"registry.terraform.io/hashicorp/aws\"]",
      "instances": [
        {
          "schema_version": 1,
          "attributes": {
            "arn": "arn:aws:ec2:us-east-1:248772781588:security-group/sg-0dbb4937e69e1c6f4",
            "description": "Allow HTTP Traffic to the DevOps Test ASG VMs from the VPC",
            "egress": [
              {
                "cidr_blocks": [
                  "0.0.0.0/0"
                ],
                "description": "",
                "from_port": 0,
                "ipv6_cidr_blocks": [],
                "prefix_list_ids": [],
                "protocol": "-1",
                "security_groups": [],
                "self": false,
                "to_port": 0
              }
            ],
            "id": "sg-0dbb4937e69e1c6f4",
            "ingress": [
              {
                "cidr_blocks": [
                  "10.0.10.0/24"
                ],
                "description": "HTTP from VPC",
                "from_port": 80,
                "ipv6_cidr_blocks": [],
                "prefix_list_ids": [],
                "protocol": "tcp",
                "security_groups": [],
                "self": false,
                "to_port": 80
              },
              {
                "cidr_blocks": [
                  "10.0.10.0/24"
                ],
                "description": "HTTPS from VPC",
                "from_port": 443,
                "ipv6_cidr_blocks": [],
                "prefix_list_ids": [],
                "protocol": "tcp",
                "security_groups": [],
                "self": false,
                "to_port": 443
              }
            ],
            "name": "devops-test-sg-vms-eiji-kumamoto",
            "name_prefix": "",
            "owner_id": "248772781588",
            "revoke_rules_on_delete": false,
            "tags": {
              "Name": "devops-test-sg-vms-eiji-kumamoto"
            },
            "tags_all": {
              "Name": "devops-test-sg-vms-eiji-kumamoto",
              "owner": "eiji-kumamoto",
              "purpose": "tf-hiring-test"
            },
            "timeouts": null,
            "vpc_id": "vpc-0c559ed8ff144f290"
          },
          "sensitive_attributes": [],
          "private": "eyJlMmJmYjczMC1lY2FhLTExZTYtOGY4OC0zNDM2M2JjN2M0YzAiOnsiY3JlYXRlIjo2MDAwMDAwMDAwMDAsImRlbGV0ZSI6OTAwMDAwMDAwMDAwfSwic2NoZW1hX3ZlcnNpb24iOiIxIn0=",
          "dependencies": [
            "aws_vpc.devops-test-vpc"
          ]
        }
      ]
    },
    {
      "mode": "managed",
      "type": "aws_subnet",
      "name": "devops-test-private-subnet-1a",
      "provider": "provider[\"registry.terraform.io/hashicorp/aws\"]",
      "instances": [
        {
          "schema_version": 1,
          "attributes": {
            "arn": "arn:aws:ec2:us-east-1:248772781588:subnet/subnet-0b46168f7d295a9a8",
            "assign_ipv6_address_on_creation": false,
            "availability_zone": "us-east-1a",
            "availability_zone_id": "use1-az1",
            "cidr_block": "10.0.10.0/26",
            "customer_owned_ipv4_pool": "",
            "enable_dns64": false,
            "enable_resource_name_dns_a_record_on_launch": false,
            "enable_resource_name_dns_aaaa_record_on_launch": false,
            "id": "subnet-0b46168f7d295a9a8",
            "ipv6_cidr_block": "",
            "ipv6_cidr_block_association_id": "",
            "ipv6_native": false,
            "map_customer_owned_ip_on_launch": false,
            "map_public_ip_on_launch": false,
            "outpost_arn": "",
            "owner_id": "248772781588",
            "private_dns_hostname_type_on_launch": "ip-name",
            "tags": {
              "Name": "devops-test-private-subnet-1a-eiji-kumamoto"
            },
            "tags_all": {
              "Name": "devops-test-private-subnet-1a-eiji-kumamoto",
              "owner": "eiji-kumamoto",
              "purpose": "tf-hiring-test"
            },
            "timeouts": null,
            "vpc_id": "vpc-0c559ed8ff144f290"
          },
          "sensitive_attributes": [],
          "private": "eyJlMmJmYjczMC1lY2FhLTExZTYtOGY4OC0zNDM2M2JjN2M0YzAiOnsiY3JlYXRlIjo2MDAwMDAwMDAwMDAsImRlbGV0ZSI6MTIwMDAwMDAwMDAwMH0sInNjaGVtYV92ZXJzaW9uIjoiMSJ9",
          "dependencies": [
            "aws_vpc.devops-test-vpc"
          ]
        }
      ]
    },
    {
      "mode": "managed",
      "type": "aws_subnet",
      "name": "devops-test-private-subnet-1b",
      "provider": "provider[\"registry.terraform.io/hashicorp/aws\"]",
      "instances": [
        {
          "schema_version": 1,
          "attributes": {
            "arn": "arn:aws:ec2:us-east-1:248772781588:subnet/subnet-060d226d54187de48",
            "assign_ipv6_address_on_creation": false,
            "availability_zone": "us-east-1b",
            "availability_zone_id": "use1-az2",
            "cidr_block": "10.0.10.64/26",
            "customer_owned_ipv4_pool": "",
            "enable_dns64": false,
            "enable_resource_name_dns_a_record_on_launch": false,
            "enable_resource_name_dns_aaaa_record_on_launch": false,
            "id": "subnet-060d226d54187de48",
            "ipv6_cidr_block": "",
            "ipv6_cidr_block_association_id": "",
            "ipv6_native": false,
            "map_customer_owned_ip_on_launch": false,
            "map_public_ip_on_launch": false,
            "outpost_arn": "",
            "owner_id": "248772781588",
            "private_dns_hostname_type_on_launch": "ip-name",
            "tags": {
              "Name": "devops-test-private-subnet-1b-eiji-kumamoto"
            },
            "tags_all": {
              "Name": "devops-test-private-subnet-1b-eiji-kumamoto",
              "owner": "eiji-kumamoto",
              "purpose": "tf-hiring-test"
            },
            "timeouts": null,
            "vpc_id": "vpc-0c559ed8ff144f290"
          },
          "sensitive_attributes": [],
          "private": "eyJlMmJmYjczMC1lY2FhLTExZTYtOGY4OC0zNDM2M2JjN2M0YzAiOnsiY3JlYXRlIjo2MDAwMDAwMDAwMDAsImRlbGV0ZSI6MTIwMDAwMDAwMDAwMH0sInNjaGVtYV92ZXJzaW9uIjoiMSJ9",
          "dependencies": [
            "aws_vpc.devops-test-vpc"
          ]
        }
      ]
    },
    {
      "mode": "managed",
      "type": "aws_subnet",
      "name": "devops-test-public-subnet-1a",
      "provider": "provider[\"registry.terraform.io/hashicorp/aws\"]",
      "instances": [
        {
          "schema_version": 1,
          "attributes": {
            "arn": "arn:aws:ec2:us-east-1:248772781588:subnet/subnet-0732a8f0072f90d94",
            "assign_ipv6_address_on_creation": false,
            "availability_zone": "us-east-1a",
            "availability_zone_id": "use1-az1",
            "cidr_block": "10.0.10.128/26",
            "customer_owned_ipv4_pool": "",
            "enable_dns64": false,
            "enable_resource_name_dns_a_record_on_launch": false,
            "enable_resource_name_dns_aaaa_record_on_launch": false,
            "id": "subnet-0732a8f0072f90d94",
            "ipv6_cidr_block": "",
            "ipv6_cidr_block_association_id": "",
            "ipv6_native": false,
            "map_customer_owned_ip_on_launch": false,
            "map_public_ip_on_launch": false,
            "outpost_arn": "",
            "owner_id": "248772781588",
            "private_dns_hostname_type_on_launch": "ip-name",
            "tags": {
              "Name": "devops-test-public-subnet-1a-eiji-kumamoto"
            },
            "tags_all": {
              "Name": "devops-test-public-subnet-1a-eiji-kumamoto",
              "owner": "eiji-kumamoto",
              "purpose": "tf-hiring-test"
            },
            "timeouts": null,
            "vpc_id": "vpc-0c559ed8ff144f290"
          },
          "sensitive_attributes": [],
          "private": "eyJlMmJmYjczMC1lY2FhLTExZTYtOGY4OC0zNDM2M2JjN2M0YzAiOnsiY3JlYXRlIjo2MDAwMDAwMDAwMDAsImRlbGV0ZSI6MTIwMDAwMDAwMDAwMH0sInNjaGVtYV92ZXJzaW9uIjoiMSJ9",
          "dependencies": [
            "aws_vpc.devops-test-vpc"
          ]
        }
      ]
    },
    {
      "mode": "managed",
      "type": "aws_subnet",
      "name": "devops-test-public-subnet-1b",
      "provider": "provider[\"registry.terraform.io/hashicorp/aws\"]",
      "instances": [
        {
          "schema_version": 1,
          "attributes": {
            "arn": "arn:aws:ec2:us-east-1:248772781588:subnet/subnet-0be83052b06c30de5",
            "assign_ipv6_address_on_creation": false,
            "availability_zone": "us-east-1b",
            "availability_zone_id": "use1-az2",
            "cidr_block": "10.0.10.192/26",
            "customer_owned_ipv4_pool": "",
            "enable_dns64": false,
            "enable_resource_name_dns_a_record_on_launch": false,
            "enable_resource_name_dns_aaaa_record_on_launch": false,
            "id": "subnet-0be83052b06c30de5",
            "ipv6_cidr_block": "",
            "ipv6_cidr_block_association_id": "",
            "ipv6_native": false,
            "map_customer_owned_ip_on_launch": false,
            "map_public_ip_on_launch": false,
            "outpost_arn": "",
            "owner_id": "248772781588",
            "private_dns_hostname_type_on_launch": "ip-name",
            "tags": {
              "Name": "devops-test-public-subnet-1b-eiji-kumamoto"
            },
            "tags_all": {
              "Name": "devops-test-public-subnet-1b-eiji-kumamoto",
              "owner": "eiji-kumamoto",
              "purpose": "tf-hiring-test"
            },
            "timeouts": null,
            "vpc_id": "vpc-0c559ed8ff144f290"
          },
          "sensitive_attributes": [],
          "private": "eyJlMmJmYjczMC1lY2FhLTExZTYtOGY4OC0zNDM2M2JjN2M0YzAiOnsiY3JlYXRlIjo2MDAwMDAwMDAwMDAsImRlbGV0ZSI6MTIwMDAwMDAwMDAwMH0sInNjaGVtYV92ZXJzaW9uIjoiMSJ9",
          "dependencies": [
            "aws_vpc.devops-test-vpc"
          ]
        }
      ]
    },
    {
      "mode": "managed",
      "type": "aws_vpc",
      "name": "devops-test-vpc",
      "provider": "provider[\"registry.terraform.io/hashicorp/aws\"]",
      "instances": [
        {
          "schema_version": 1,
          "attributes": {
            "arn": "arn:aws:ec2:us-east-1:248772781588:vpc/vpc-0c559ed8ff144f290",
            "assign_generated_ipv6_cidr_block": false,
            "cidr_block": "10.0.10.0/24",
            "default_network_acl_id": "acl-0b2330c095804154c",
            "default_route_table_id": "rtb-012bcabaa83bc6a2e",
            "default_security_group_id": "sg-032890c12cecab547",
            "dhcp_options_id": "dopt-95678df1",
            "enable_classiclink": false,
            "enable_classiclink_dns_support": false,
            "enable_dns_hostnames": true,
            "enable_dns_support": true,
            "id": "vpc-0c559ed8ff144f290",
            "instance_tenancy": "default",
            "ipv4_ipam_pool_id": null,
            "ipv4_netmask_length": null,
            "ipv6_association_id": "",
            "ipv6_cidr_block": "",
            "ipv6_cidr_block_network_border_group": "",
            "ipv6_ipam_pool_id": "",
            "ipv6_netmask_length": 0,
            "main_route_table_id": "rtb-012bcabaa83bc6a2e",
            "owner_id": "248772781588",
            "tags": {
              "Name": "devops-test-vpc-eiji-kumamoto"
            },
            "tags_all": {
              "Name": "devops-test-vpc-eiji-kumamoto",
              "owner": "eiji-kumamoto",
              "purpose": "tf-hiring-test"
            }
          },
          "sensitive_attributes": [],
          "private": "eyJzY2hlbWFfdmVyc2lvbiI6IjEifQ=="
        }
      ]
    },
    {
      "mode": "managed",
      "type": "tls_private_key",
      "name": "devops-test-tls-private-key",
      "provider": "provider[\"registry.terraform.io/hashicorp/tls\"]",
      "instances": [
        {
          "schema_version": 0,
          "attributes": {
            "algorithm": "RSA",
            "ecdsa_curve": "P224",
            "id": "ed21f88b71fd2e2525c928cf221e7f963d647019",
            "private_key_openssh": "-----BEGIN OPENSSH PRIVATE KEY-----\nb3BlbnNzaC1rZXktdjEAAAAABG5vbmUAAAAEbm9uZQAAAAAAAAABAAABFwAAAAdz\nc2gtcnNhAAAAAwEAAQAAAQEAmlSt8oQW7m2eAMMm81LQTud6f/foAi14W6RD16T7\nzbRaO/a6Pb9kASroWRtod8b/FZNcZjUpxcgFLLSTxNbn7umrXOwHHlyPJkoMLEoG\nNX8kaBSH25E/JSdoZeYSswqrhczxkG1z97WdGSmkq6UV9bSjwI5fe8s82jTNhCOD\nwL/3U79siUJZXwg2b/3j/BE8R6ieSPhGNpGXSrFusApJhnlxIBFDDj6658Yxxwrm\nb6aOx5BnUhhoGyVIyl9Vk6y1FsjTcgcAO6vrb7s/YS46NQ5ukillMEr3aekKOTUI\nk7LCLQBTXsFuCG2SajvLD+juqTTIBh3rrDBMIO2lCkyjxQAAA7ifZHENn2RxDQAA\nAAdzc2gtcnNhAAABAQCaVK3yhBbubZ4AwybzUtBO53p/9+gCLXhbpEPXpPvNtFo7\n9ro9v2QBKuhZG2h3xv8Vk1xmNSnFyAUstJPE1ufu6atc7AceXI8mSgwsSgY1fyRo\nFIfbkT8lJ2hl5hKzCquFzPGQbXP3tZ0ZKaSrpRX1tKPAjl97yzzaNM2EI4PAv/dT\nv2yJQllfCDZv/eP8ETxHqJ5I+EY2kZdKsW6wCkmGeXEgEUMOPrrnxjHHCuZvpo7H\nkGdSGGgbJUjKX1WTrLUWyNNyBwA7q+tvuz9hLjo1Dm6SKWUwSvdp6Qo5NQiTssIt\nAFNewW4IbZJqO8sP6O6pNMgGHeusMEwg7aUKTKPFAAAAAwEAAQAAAQBevHiDFH6X\nIgcJ5MH2P/HLXeEeyOlM3OizKKTUrVw9K+bwREaTPPeAl/xFJsP8MtXHQsxHmX7p\nAB3dEYRcIqgBSsN8qQ69nofpMy9ByLcDA+cvVNsI96JRhl1Zn9/+tCASZHos9GNp\nvbyQA7Yn/5D5YUfcHgmTDnFuaVd3M+3e1YRFHc1YKlYnHUdU5cRbDge0V4j3Iaj3\nZ0pRjh8NCXXgPJLQfSJ8RvfwaTfGMwhNTHrsKA7ylv7XG1qQLWf//ucOY6rlKnel\nS94UY0pAMEOrUfXnRwxpUPhSmqebs5s+5qgJydJxsbYmpYmAycHBdn7Qy+F1UnOb\n+Xrfv9NacgDJAAAAgHYURYbgkV8gleG3D8TSNOBUBHZQLljOC3sp9PSI8/eYSI5p\nFIcX4dG9y8qRISVcN3J2veNweWSo4trcOhoxAXM1g8A5ws36SqK4ipguB9cTg64A\nYYvkSxXXBRaVmitKVpR/Jj6Z5vjRK/Jn/CLYHWHswz3lPDuh9PbDUG/ge0MCAAAA\ngQDDMIFzeSjDrl2a42b8fNdOtJPNYaOf0JZgcEb1qzhKdejc8VhLWFBf15BYcP82\npR+7RWuKRD6mIgJXPsJE54Dax4zzgcu6kzJnFV18mhcWsxQ4qdRd6OO78rARjfvI\nIZmMt+wFZtG4ThTfPy8NnXhMznV66tCPwwQz4nFmIBo0PwAAAIEAyml0mzCoPNW+\nR8r4J5jEPQAQ4AgV5Lb/pRzsaOL2tRktjrdIGZfcb1qUGkWl+8SkU1hhjPkK6Y2O\nMc5aaeQwY7m6MWkDW6bMPsyecnzM97roJLftDWKuRpQ1QPe3gi0u8LRIFqkrSPzY\nmn0hNsodCmwsFqQT8UHiTJgqsrBiFvsAAAAAAQID\n-----END OPENSSH PRIVATE KEY-----\n",
            "private_key_pem": "-----BEGIN RSA PRIVATE KEY-----\nMIIEowIBAAKCAQEAmlSt8oQW7m2eAMMm81LQTud6f/foAi14W6RD16T7zbRaO/a6\nPb9kASroWRtod8b/FZNcZjUpxcgFLLSTxNbn7umrXOwHHlyPJkoMLEoGNX8kaBSH\n25E/JSdoZeYSswqrhczxkG1z97WdGSmkq6UV9bSjwI5fe8s82jTNhCODwL/3U79s\niUJZXwg2b/3j/BE8R6ieSPhGNpGXSrFusApJhnlxIBFDDj6658Yxxwrmb6aOx5Bn\nUhhoGyVIyl9Vk6y1FsjTcgcAO6vrb7s/YS46NQ5ukillMEr3aekKOTUIk7LCLQBT\nXsFuCG2SajvLD+juqTTIBh3rrDBMIO2lCkyjxQIDAQABAoIBAF68eIMUfpciBwnk\nwfY/8ctd4R7I6Uzc6LMopNStXD0r5vBERpM894CX/EUmw/wy1cdCzEeZfukAHd0R\nhFwiqAFKw3ypDr2eh+kzL0HItwMD5y9U2wj3olGGXVmf3/60IBJkeiz0Y2m9vJAD\ntif/kPlhR9weCZMOcW5pV3cz7d7VhEUdzVgqVicdR1TlxFsOB7RXiPchqPdnSlGO\nHw0JdeA8ktB9InxG9/BpN8YzCE1MeuwoDvKW/tcbWpAtZ//+5w5jquUqd6VL3hRj\nSkAwQ6tR9edHDGlQ+FKap5uzmz7mqAnJ0nGxtialiYDJwcF2ftDL4XVSc5v5et+/\n01pyAMkCgYEAwzCBc3kow65dmuNm/HzXTrSTzWGjn9CWYHBG9as4SnXo3PFYS1hQ\nX9eQWHD/NqUfu0VrikQ+piICVz7CROeA2seM84HLupMyZxVdfJoXFrMUOKnUXejj\nu/KwEY37yCGZjLfsBWbRuE4U3z8vDZ14TM51eurQj8MEM+JxZiAaND8CgYEAyml0\nmzCoPNW+R8r4J5jEPQAQ4AgV5Lb/pRzsaOL2tRktjrdIGZfcb1qUGkWl+8SkU1hh\njPkK6Y2OMc5aaeQwY7m6MWkDW6bMPsyecnzM97roJLftDWKuRpQ1QPe3gi0u8LRI\nFqkrSPzYmn0hNsodCmwsFqQT8UHiTJgqsrBiFvsCgYEAvisFBGcX40Z/pkdF8FsF\nPoZKtkAZtbv4tq7NQ870gf9Mx+5P0uCRNj+EP9afoDLSrpcdBlIlI6Fg3HWlupI+\nhWkEF77uqbF92tcDBUHvmssQuYAlCvW640O4bPIDS+IIgwQybLTXQRS52yPpCP/R\n1CsWZJJgbqBW+OH3D8PZI+sCgYADrOKHJt0HLcJkv1S+M1Hs4aFsz/jFzGTb9Kh+\nRxC/vRNMshtHC7De/MAPshAPgESTltk+nA8MqptYYCzYG2KdjPPKjeOXuHGg+kou\nPgHixawNbqGJSq9rbKmC4nycioF9sWhVsQCuNJkiRP9jZUwdslUinBwYl1+qkGDG\nGdnOHQKBgHYURYbgkV8gleG3D8TSNOBUBHZQLljOC3sp9PSI8/eYSI5pFIcX4dG9\ny8qRISVcN3J2veNweWSo4trcOhoxAXM1g8A5ws36SqK4ipguB9cTg64AYYvkSxXX\nBRaVmitKVpR/Jj6Z5vjRK/Jn/CLYHWHswz3lPDuh9PbDUG/ge0MC\n-----END RSA PRIVATE KEY-----\n",
            "public_key_fingerprint_md5": "23:b4:9c:1a:d4:2c:39:64:03:30:50:07:bc:60:d3:7e",
            "public_key_fingerprint_sha256": "SHA256:Pwham5M04VfUiryCWbtmLMResZwuTbj5T3sD/UWA3zs",
            "public_key_openssh": "ssh-rsa AAAAB3NzaC1yc2EAAAADAQABAAABAQCaVK3yhBbubZ4AwybzUtBO53p/9+gCLXhbpEPXpPvNtFo79ro9v2QBKuhZG2h3xv8Vk1xmNSnFyAUstJPE1ufu6atc7AceXI8mSgwsSgY1fyRoFIfbkT8lJ2hl5hKzCquFzPGQbXP3tZ0ZKaSrpRX1tKPAjl97yzzaNM2EI4PAv/dTv2yJQllfCDZv/eP8ETxHqJ5I+EY2kZdKsW6wCkmGeXEgEUMOPrrnxjHHCuZvpo7HkGdSGGgbJUjKX1WTrLUWyNNyBwA7q+tvuz9hLjo1Dm6SKWUwSvdp6Qo5NQiTssItAFNewW4IbZJqO8sP6O6pNMgGHeusMEwg7aUKTKPF\n",
            "public_key_pem": "-----BEGIN PUBLIC KEY-----\nMIIBIjANBgkqhkiG9w0BAQEFAAOCAQ8AMIIBCgKCAQEAmlSt8oQW7m2eAMMm81LQ\nTud6f/foAi14W6RD16T7zbRaO/a6Pb9kASroWRtod8b/FZNcZjUpxcgFLLSTxNbn\n7umrXOwHHlyPJkoMLEoGNX8kaBSH25E/JSdoZeYSswqrhczxkG1z97WdGSmkq6UV\n9bSjwI5fe8s82jTNhCODwL/3U79siUJZXwg2b/3j/BE8R6ieSPhGNpGXSrFusApJ\nhnlxIBFDDj6658Yxxwrmb6aOx5BnUhhoGyVIyl9Vk6y1FsjTcgcAO6vrb7s/YS46\nNQ5ukillMEr3aekKOTUIk7LCLQBTXsFuCG2SajvLD+juqTTIBh3rrDBMIO2lCkyj\nxQIDAQAB\n-----END PUBLIC KEY-----\n",
            "rsa_bits": 2048
          },
          "sensitive_attributes": [],
          "private": "bnVsbA=="
        }
      ]
    },
    {
      "mode": "managed",
      "type": "tls_self_signed_cert",
      "name": "devops-test-self-sign-cert",
      "provider": "provider[\"registry.terraform.io/hashicorp/tls\"]",
      "instances": [
        {
          "schema_version": 0,
          "attributes": {
            "allowed_uses": [
              "key_encipherment",
              "digital_signature",
              "server_auth"
            ],
            "cert_pem": "-----BEGIN CERTIFICATE-----\nMIIDJTCCAg2gAwIBAgIQUYQesr38n2pIXJ6yK6Qa8DANBgkqhkiG9w0BAQsFADAz\nMRswGQYDVQQKExJBQ01FIEV4YW1wbGVzLCBJbmMxFDASBgNVBAMTC2V4YW1wbGUu\nY29tMB4XDTIzMDMzMDEyNTg0NloXDTIzMDMzMTAwNTg0NlowMzEbMBkGA1UEChMS\nQUNNRSBFeGFtcGxlcywgSW5jMRQwEgYDVQQDEwtleGFtcGxlLmNvbTCCASIwDQYJ\nKoZIhvcNAQEBBQADggEPADCCAQoCggEBAJpUrfKEFu5tngDDJvNS0E7nen/36AIt\neFukQ9ek+820Wjv2uj2/ZAEq6FkbaHfG/xWTXGY1KcXIBSy0k8TW5+7pq1zsBx5c\njyZKDCxKBjV/JGgUh9uRPyUnaGXmErMKq4XM8ZBtc/e1nRkppKulFfW0o8COX3vL\nPNo0zYQjg8C/91O/bIlCWV8INm/94/wRPEeonkj4RjaRl0qxbrAKSYZ5cSARQw4+\nuufGMccK5m+mjseQZ1IYaBslSMpfVZOstRbI03IHADur62+7P2EuOjUObpIpZTBK\n92npCjk1CJOywi0AU17Bbghtkmo7yw/o7qk0yAYd66wwTCDtpQpMo8UCAwEAAaM1\nMDMwDgYDVR0PAQH/BAQDAgWgMBMGA1UdJQQMMAoGCCsGAQUFBwMBMAwGA1UdEwEB\n/wQCMAAwDQYJKoZIhvcNAQELBQADggEBAFvcEi0tLbexPL42C/Fk8cHvYL3P9dpR\n1R/PZ+x2Sou6ZMjTOVP1+AvxCXOoZBfCDHkjQc8qiHf4IKoLkE3LZYI1p8k1eCna\nnNEP0nkM345pQ0q7CWivQiYwGG3lnqS5Sl5+Vh1fW66B7eiR0rfSGkYiRkDxZuH/\ni30A9G1VdqScDPNTi7elYolEKqrwwaOd2urjH9NIz7oeW9+/03iGlNVR/OmcwDa7\nO6C4mTC2sNfWnjC+juweuPoKF4Dcx8rQYnzlufZqOWrUYVV3K6b/IOqyvn/NdgqR\no12UGS4DPopEQXuabHJBDd2pVlay327Fkj7CSO+NqlQbKzkRP++qqBo=\n-----END CERTIFICATE-----\n",
            "dns_names": null,
            "early_renewal_hours": 0,
            "id": "108353473477603889020956177050999462640",
            "ip_addresses": null,
            "is_ca_certificate": null,
            "key_algorithm": "RSA",
            "private_key_pem": "cf5c64fab52f1db7d20c8201b912070fd91324e1",
            "ready_for_renewal": false,
            "set_subject_key_id": null,
            "subject": [
              {
                "common_name": "example.com",
                "country": "",
                "locality": "",
                "organization": "ACME Examples, Inc",
                "organizational_unit": "",
                "postal_code": "",
                "province": "",
                "serial_number": "",
                "street_address": []
              }
            ],
            "uris": null,
            "validity_end_time": "2023-03-30T21:58:46.230437329-03:00",
            "validity_period_hours": 12,
            "validity_start_time": "2023-03-30T09:58:46.230437329-03:00"
          },
          "sensitive_attributes": [
            [
              {
                "type": "get_attr",
                "value": "private_key_pem"
              }
            ]
          ],
          "private": "bnVsbA==",
          "dependencies": [
            "tls_private_key.devops-test-tls-private-key"
          ]
        }
      ]
    }
  ],
  "check_results": null
}
